
Microsoft Visual Studio Solution File, Format Version 12.00
# Visual Studio 15
VisualStudioVersion = 15.0.28307.902
MinimumVisualStudioVersion = 10.0.40219.1
Project("{FAE04EC0-301F-11D3-BF4B-00C04F79EFBC}") = "WebuygulamaVize1", "WebuygulamaVize1\WebuygulamaVize1.csproj", "{AC42BDB7-BDF5-4CF3-B6E2-1A6C086B6030}"
EndProject
Global
	GlobalSection(SolutionConfigurationPlatforms) = preSolution
		Debug|Any CPU = Debug|Any CPU
		Release|Any CPU = Release|Any CPU
	EndGlobalSection
	GlobalSection(ProjectConfigurationPlatforms) = postSolution
		{AC42BDB7-BDF5-4CF3-B6E2-1A6C086B6030}.Debug|Any CPU.ActiveCfg = Debug|Any CPU
		{AC42BDB7-BDF5-4CF3-B6E2-1A6C086B6030}.Debug|Any CPU.Build.0 = Debug|Any CPU
		{AC42BDB7-BDF5-4CF3-B6E2-1A6C086B6030}.Release|Any CPU.ActiveCfg = Release|Any CPU
		{AC42BDB7-BDF5-4CF3-B6E2-1A6C086B6030}.Release|Any CPU.Build.0 = Release|Any CPU
	EndGlobalSection
	GlobalSection(SolutionProperties) = preSolution
		HideSolutionNode = FALSE
	EndGlobalSection
	GlobalSection(ExtensibilityGlobals) = postSolution
		SolutionGuid = {C5B8DD8D-A566-44EC-99C6-03FBD82D7DF4}
	EndGlobalSection
EndGlobal
